# This file is automatically @generated by Cargo.
# It is not intended for manual editing.
version = 4

[[package]]
name = "hepa-adapters"
version = "0.1.0"

[[package]]
name = "hepa-cli"
version = "0.1.0"
dependencies = [
 "hepa-core",
]

[[package]]
name = "hepa-core"
version = "0.1.0"

[[package]]
name = "hepa-git"
version = "0.1.0"

[[package]]
name = "hepa-kanban"
version = "0.1.0"

[[package]]
name = "hepa-memory"
version = "0.1.0"

[[package]]
name = "hepa-review"
version = "0.1.0"
